
Microsoft Visual Studio Solution File, Format Version 12.00
# Visual Studio Version 17
VisualStudioVersion = 17.5.33414.496
MinimumVisualStudioVersion = 10.0.40219.1
Project("{9A19103F-16F7-4668-BE54-9A1E7A4F7556}") = "UsuariosApp.API", "UsuariosApp.API\UsuariosApp.API.csproj", "{95B851E5-A152-4F0C-9CF7-615BC6499B3E}"
EndProject
Project("{2150E333-8FDC-42A3-9474-1A3956D46DE8}") = "API", "API", "{88096B22-50A2-4816-9B50-3AB9BF62622F}"
EndProject
Project("{2150E333-8FDC-42A3-9474-1A3956D46DE8}") = "DDD", "DDD", "{BC1D0563-6F74-456E-B445-ED3E4AA6B891}"
EndProject
Project("{2150E333-8FDC-42A3-9474-1A3956D46DE8}") = "TDD", "TDD", "{B68DBB68-1DE8-484B-AEA0-5F8606E90079}"
EndProject
Project("{2150E333-8FDC-42A3-9474-1A3956D46DE8}") = "Application", "Application", "{E4B9EEBD-AB2D-4A78-9D7F-402B4EF24A44}"
EndProject
Project("{2150E333-8FDC-42A3-9474-1A3956D46DE8}") = "Domain", "Domain", "{43CCBA29-3378-4257-A744-2C9A124A5E17}"
EndProject
Project("{2150E333-8FDC-42A3-9474-1A3956D46DE8}") = "Infrastructure", "Infrastructure", "{327DB201-FA60-447D-82ED-77DBFBC0F7F5}"
EndProject
Project("{9A19103F-16F7-4668-BE54-9A1E7A4F7556}") = "UsuariosApp.Application", "UsuariosApp.Application\UsuariosApp.Application.csproj", "{0B57DD93-0B25-4CF7-B144-854D577D98F3}"
EndProject
Project("{FAE04EC0-301F-11D3-BF4B-00C04F79EFBC}") = "UsuariosApp.Domain", "UsuariosApp.Domain\UsuariosApp.Domain.csproj", "{8BE77162-A188-4B51-AD8F-9A16CB33F346}"
EndProject
Project("{FAE04EC0-301F-11D3-BF4B-00C04F79EFBC}") = "UsuariosApp.Infra.Data", "UsuariosApp.Infra.Data\UsuariosApp.Infra.Data.csproj", "{96A4446C-CD5E-46B0-B290-31120A1CAB64}"
EndProject
Project("{FAE04EC0-301F-11D3-BF4B-00C04F79EFBC}") = "UsuariosApp.Tests", "UsuariosApp.Tests\UsuariosApp.Tests.csproj", "{7BD50919-84DB-4084-A095-21FA9A9CDB8C}"
EndProject
Global
	GlobalSection(SolutionConfigurationPlatforms) = preSolution
		Debug|Any CPU = Debug|Any CPU
		Release|Any CPU = Release|Any CPU
	EndGlobalSection
	GlobalSection(ProjectConfigurationPlatforms) = postSolution
		{95B851E5-A152-4F0C-9CF7-615BC6499B3E}.Debug|Any CPU.ActiveCfg = Debug|Any CPU
		{95B851E5-A152-4F0C-9CF7-615BC6499B3E}.Debug|Any CPU.Build.0 = Debug|Any CPU
		{95B851E5-A152-4F0C-9CF7-615BC6499B3E}.Release|Any CPU.ActiveCfg = Release|Any CPU
		{95B851E5-A152-4F0C-9CF7-615BC6499B3E}.Release|Any CPU.Build.0 = Release|Any CPU
		{0B57DD93-0B25-4CF7-B144-854D577D98F3}.Debug|Any CPU.ActiveCfg = Debug|Any CPU
		{0B57DD93-0B25-4CF7-B144-854D577D98F3}.Debug|Any CPU.Build.0 = Debug|Any CPU
		{0B57DD93-0B25-4CF7-B144-854D577D98F3}.Release|Any CPU.ActiveCfg = Release|Any CPU
		{0B57DD93-0B25-4CF7-B144-854D577D98F3}.Release|Any CPU.Build.0 = Release|Any CPU
		{8BE77162-A188-4B51-AD8F-9A16CB33F346}.Debug|Any CPU.ActiveCfg = Debug|Any CPU
		{8BE77162-A188-4B51-AD8F-9A16CB33F346}.Debug|Any CPU.Build.0 = Debug|Any CPU
		{8BE77162-A188-4B51-AD8F-9A16CB33F346}.Release|Any CPU.ActiveCfg = Release|Any CPU
		{8BE77162-A188-4B51-AD8F-9A16CB33F346}.Release|Any CPU.Build.0 = Release|Any CPU
		{96A4446C-CD5E-46B0-B290-31120A1CAB64}.Debug|Any CPU.ActiveCfg = Debug|Any CPU
		{96A4446C-CD5E-46B0-B290-31120A1CAB64}.Debug|Any CPU.Build.0 = Debug|Any CPU
		{96A4446C-CD5E-46B0-B290-31120A1CAB64}.Release|Any CPU.ActiveCfg = Release|Any CPU
		{96A4446C-CD5E-46B0-B290-31120A1CAB64}.Release|Any CPU.Build.0 = Release|Any CPU
		{7BD50919-84DB-4084-A095-21FA9A9CDB8C}.Debug|Any CPU.ActiveCfg = Debug|Any CPU
		{7BD50919-84DB-4084-A095-21FA9A9CDB8C}.Debug|Any CPU.Build.0 = Debug|Any CPU
		{7BD50919-84DB-4084-A095-21FA9A9CDB8C}.Release|Any CPU.ActiveCfg = Release|Any CPU
		{7BD50919-84DB-4084-A095-21FA9A9CDB8C}.Release|Any CPU.Build.0 = Release|Any CPU
	EndGlobalSection
	GlobalSection(SolutionProperties) = preSolution
		HideSolutionNode = FALSE
	EndGlobalSection
	GlobalSection(NestedProjects) = preSolution
		{95B851E5-A152-4F0C-9CF7-615BC6499B3E} = {88096B22-50A2-4816-9B50-3AB9BF62622F}
		{E4B9EEBD-AB2D-4A78-9D7F-402B4EF24A44} = {BC1D0563-6F74-456E-B445-ED3E4AA6B891}
		{43CCBA29-3378-4257-A744-2C9A124A5E17} = {BC1D0563-6F74-456E-B445-ED3E4AA6B891}
		{327DB201-FA60-447D-82ED-77DBFBC0F7F5} = {BC1D0563-6F74-456E-B445-ED3E4AA6B891}
		{0B57DD93-0B25-4CF7-B144-854D577D98F3} = {E4B9EEBD-AB2D-4A78-9D7F-402B4EF24A44}
		{8BE77162-A188-4B51-AD8F-9A16CB33F346} = {43CCBA29-3378-4257-A744-2C9A124A5E17}
		{96A4446C-CD5E-46B0-B290-31120A1CAB64} = {327DB201-FA60-447D-82ED-77DBFBC0F7F5}
		{7BD50919-84DB-4084-A095-21FA9A9CDB8C} = {B68DBB68-1DE8-484B-AEA0-5F8606E90079}
	EndGlobalSection
	GlobalSection(ExtensibilityGlobals) = postSolution
		SolutionGuid = {CE085242-8A45-4980-A865-24DCEF7621FE}
	EndGlobalSection
EndGlobal
